
Microsoft Visual Studio Solution File, Format Version 12.00
# Visual Studio 15
VisualStudioVersion = 15.0.28307.1321
MinimumVisualStudioVersion = 10.0.40219.1
Project("{FAE04EC0-301F-11D3-BF4B-00C04F79EFBC}") = "neMag", "neMag\neMag.csproj", "{9797F002-EC86-4197-A235-F89DC9B8CCCC}"
EndProject
Project("{FAE04EC0-301F-11D3-BF4B-00C04F79EFBC}") = "neMag.Tests", "neMag.Tests\neMag.Tests.csproj", "{17573E78-AFC4-4CF0-8DF8-BD01269494E9}"
EndProject
Global
	GlobalSection(SolutionConfigurationPlatforms) = preSolution
		Debug|Any CPU = Debug|Any CPU
		Release|Any CPU = Release|Any CPU
	EndGlobalSection
	GlobalSection(ProjectConfigurationPlatforms) = postSolution
		{9797F002-EC86-4197-A235-F89DC9B8CCCC}.Debug|Any CPU.ActiveCfg = Debug|Any CPU
		{9797F002-EC86-4197-A235-F89DC9B8CCCC}.Debug|Any CPU.Build.0 = Debug|Any CPU
		{9797F002-EC86-4197-A235-F89DC9B8CCCC}.Release|Any CPU.ActiveCfg = Release|Any CPU
		{9797F002-EC86-4197-A235-F89DC9B8CCCC}.Release|Any CPU.Build.0 = Release|Any CPU
		{17573E78-AFC4-4CF0-8DF8-BD01269494E9}.Debug|Any CPU.ActiveCfg = Debug|Any CPU
		{17573E78-AFC4-4CF0-8DF8-BD01269494E9}.Debug|Any CPU.Build.0 = Debug|Any CPU
		{17573E78-AFC4-4CF0-8DF8-BD01269494E9}.Release|Any CPU.ActiveCfg = Release|Any CPU
		{17573E78-AFC4-4CF0-8DF8-BD01269494E9}.Release|Any CPU.Build.0 = Release|Any CPU
	EndGlobalSection
	GlobalSection(SolutionProperties) = preSolution
		HideSolutionNode = FALSE
	EndGlobalSection
	GlobalSection(ExtensibilityGlobals) = postSolution
		SolutionGuid = {FF04E3CE-98FF-49F9-AA45-423544B840CB}
	EndGlobalSection
EndGlobal
